{
  "nodes": {
    "applications": {
      "inputs": {
        "nixpkgs": "nixpkgs"
      },
      "locked": {
        "lastModified": 1,
        "narHash": "sha256-aROfNVGYV0BqDv9gM5C0Okt4Qx2zwo+kHH8o08IARgk=",
        "path": "../../applications",
        "type": "path"
      },
      "original": {
        "path": "../../applications",
        "type": "path"
      }
    },
    "nixpkgs": {
      "locked": {
        "lastModified": 1709855257,
        "narHash": "sha256-1G57sSUmJ6Pi6WLlOEC3x43mEMECKU4NDkRfNdaHUs0=",
        "owner": "NixOS",
        "repo": "nixpkgs",
        "rev": "c8cd65298e567e1e604431e4544361e365410f8c",
        "type": "github"
      },
      "original": {
        "owner": "NixOS",
        "repo": "nixpkgs",
        "type": "github"
      }
    },
    "nixpkgs_2": {
      "locked": {
        "lastModified": 1688392541,
        "narHash": "sha256-lHrKvEkCPTUO+7tPfjIcb7Trk6k31rz18vkyqmkeJfY=",
        "owner": "Nixos",
        "repo": "nixpkgs",
        "rev": "ea4c80b39be4c09702b0cb3b42eab59e2ba4f24b",
        "type": "github"
      },
      "original": {
        "owner": "Nixos",
        "ref": "nixos-22.11",
        "repo": "nixpkgs",
        "type": "github"
      }
    },
    "nixpkgs_3": {
      "locked": {
        "lastModified": 1709855257,
        "narHash": "sha256-1G57sSUmJ6Pi6WLlOEC3x43mEMECKU4NDkRfNdaHUs0=",
        "owner": "NixOS",
        "repo": "nixpkgs",
        "rev": "c8cd65298e567e1e604431e4544361e365410f8c",
        "type": "github"
      },
      "original": {
        "owner": "NixOS",
        "repo": "nixpkgs",
        "type": "github"
      }
    },
    "proxyServers": {
      "inputs": {
        "nixpkgs": "nixpkgs_3"
      },
      "locked": {
        "lastModified": 1,
        "narHash": "sha256-RaPtjTTHlDE/8VuVKDU+nVIxoHH+47o5RCfZ94oWNTc=",
        "path": "../../servers",
        "type": "path"
      },
      "original": {
        "path": "../../servers",
        "type": "path"
      }
    },
    "root": {
      "inputs": {
        "applications": "applications",
        "nixpkgs": "nixpkgs_2",
        "proxyServers": "proxyServers"
      }
    }
  },
  "root": "root",
  "version": 7
}
