{
  "nodes": {
    "nixpkgs": {
      "locked": {
        "lastModified": 1710119926,
        "narHash": "sha256-y/UkeSTYHXcoMklsOO7CP3slLvpBIRE4GYSMsYm+B2o=",
        "owner": "NixOS",
        "repo": "nixpkgs",
        "rev": "c41ece2391fdc2351e839a9d9bb9cc561480ddea",
        "type": "github"
      },
      "original": {
        "owner": "NixOS",
        "repo": "nixpkgs",
        "type": "github"
      }
    },
    "root": {
      "inputs": {
        "nixpkgs": "nixpkgs"
      }
    }
  },
  "root": "root",
  "version": 7
}
